{
  "version": 4,
  "terraform_version": "1.5.7",
  "serial": 358,
  "lineage": "9ac90b0f-df99-b432-9068-934d143a77a6",
  "outputs": {
    "private_key": {
      "value": "-----BEGIN RSA PRIVATE KEY-----\nMIIEpAIBAAKCAQEAw34cGAoCIZXLgLdeVcwFMlgzmqkK1vpe9RARmaCoxCHgiC0o\n8xTKDUn5xJmyocl0Wu8Y+KhoN/MmShOcpdpPZ7PjGWubgOtLv4XL9+D8IJOMKel6\nEY4D8rrDd6ARNHS/ZUPMvRHGcGBNgFShMdOXLrln0+s+LPvvx4ikNpVnqPI7iibk\nnLe8VgxIhPhijA0aeClLUy6tAlJwFjx6ndf6mOgSbKAZhKcA8cpZ0+RmTQz4Dbf4\nseX0cQMGSmEaNg5dATdW/yENomMwcogssSODPNdgLSAxqBjZqSKytBcAurL4exVM\nnn+fWmLY5I+60DimnvuNX2whu2D1ZOvDe3B4xwIDAQABAoIBAFc1huribBj3bhU5\nuAemQBs5Zav1BTTp9Dp2tKNIHIGCa1vUaZQnDgvnmFiwCBRMfm+igg1Lc1KiUc5x\n+UuznACzKvhIHNLiJKSH13n5EACoUbrQwPfb1r8Nue0/pu0zt75BBLDDoTa4f1pk\nZpSHw8XASCUtqEsBCPKGbls7Q0cGIN9Un/z04Iqmxt64sdgFUC3trvu9TOTmIKai\nYiJW24Hd6LWUEs6/rVYj7SKOL9nuVv5hggY5nenxDpk5n/ipfns9h0zoAhKcB7+n\n7PrhnySN6ziePKb5Nvp7njrjTKNGS1BZxCVg54gSCKrJAE5PWN/WxFwtYNNsBudG\nKz0uiaECgYEA6pHqVhsws6PLv4RQOKmqgcZbQeuSp/Ns+h+5NEJCDMoFrHp2Cotm\n/6R8iPnyK4Tz/2lU/Ck1W5aaMZuXKQQij9IScwFMxR/mxsQrkYNnXeF7ICQK4m+B\ngvN+7qn0NVv3WG+fV0defp1YeraE0WLRONrfVN/GmBD5CGkzmJh4F4sCgYEA1VpC\nYHgHLa/pTw69qgkhaaCOWkz82/RJIRcGVTPA0Zs+oeD1wyd2MEFHe4sBTfB/YI5Q\n+trlurEEwj1ODBMNDEsYHn9b4AqTcFayPMu/EgD8WlE4/TdZU6o71uVzdjxq3oG7\nVtLCck3JUcYSqQ6O+sAD8kg4q5khihzp/I3F6zUCgYEAldxvSF/Kt5o3+71+uxS6\nmHqvpufoJGEDCLHn0xlZtW4EPfNnIsl5Hm5qGeEF9QPWFyGmaAuzyTXogTUUV+IK\narQdkVgNQgtllyuRYj//dB0wWpJsWco/hfgm6jeui8Cbv+ZgeJRiLKY99vhQ1q05\nWgeLk1/8Mv70+4iqrB0M7I0CgYBMHaBytD+zX//3kYW+5PUDryE6PB82BagVYxaC\nTS1sWlt0+0IStsBmpNNw0v3LJZL8Cqn/ZRryiPbuqVpv2lgcW6omLz/C5WMGgBek\nsvfe33Uob7PKOvXmcGRa3Y9czl8+NMB2UEjI6NF7GBRONgBymxCNXpDBP6eEk54y\n2Q2URQKBgQC/v8TMKJes2CLx1JbE2PYFY9GrH4AzP8mMy2IQkOSjpzYVR8YyogBj\ngndTHay8qWNdzQY1zrcgydtRlCZ47Uhc/tGN3cyA+zuRPpuUq2WqxrBJnJuDWdu7\nlMk9mU7iH60105P0cbJG0peua4jlrcU2kymB7WRxhPckjBLcdXdRMw==\n-----END RSA PRIVATE KEY-----\n",
      "type": "string",
      "sensitive": true
    },
    "public_key": {
      "value": "ssh-rsa AAAAB3NzaC1yc2EAAAADAQABAAABAQDDfhwYCgIhlcuAt15VzAUyWDOaqQrW+l71EBGZoKjEIeCILSjzFMoNSfnEmbKhyXRa7xj4qGg38yZKE5yl2k9ns+MZa5uA60u/hcv34Pwgk4wp6XoRjgPyusN3oBE0dL9lQ8y9EcZwYE2AVKEx05cuuWfT6z4s++/HiKQ2lWeo8juKJuSct7xWDEiE+GKMDRp4KUtTLq0CUnAWPHqd1/qY6BJsoBmEpwDxylnT5GZNDPgNt/ix5fRxAwZKYRo2Dl0BN1b/IQ2iYzByiCyxI4M812AtIDGoGNmpIrK0FwC6svh7FUyef59aYtjkj7rQOKae+41fbCG7YPVk68N7cHjH\n",
      "type": "string"
    }
  },
  "resources": [
    {
      "mode": "data",
      "type": "tls_public_key",
      "name": "MyLinuxBox",
      "provider": "provider[\"registry.terraform.io/hashicorp/tls\"]",
      "instances": [
        {
          "schema_version": 0,
          "attributes": {
            "algorithm": "RSA",
            "id": "8f68b6b92083bc70b9b7d0b96494cd414a7c62e6",
            "private_key_openssh": null,
            "private_key_pem": "-----BEGIN RSA PRIVATE KEY-----\nMIIEpAIBAAKCAQEAw34cGAoCIZXLgLdeVcwFMlgzmqkK1vpe9RARmaCoxCHgiC0o\n8xTKDUn5xJmyocl0Wu8Y+KhoN/MmShOcpdpPZ7PjGWubgOtLv4XL9+D8IJOMKel6\nEY4D8rrDd6ARNHS/ZUPMvRHGcGBNgFShMdOXLrln0+s+LPvvx4ikNpVnqPI7iibk\nnLe8VgxIhPhijA0aeClLUy6tAlJwFjx6ndf6mOgSbKAZhKcA8cpZ0+RmTQz4Dbf4\nseX0cQMGSmEaNg5dATdW/yENomMwcogssSODPNdgLSAxqBjZqSKytBcAurL4exVM\nnn+fWmLY5I+60DimnvuNX2whu2D1ZOvDe3B4xwIDAQABAoIBAFc1huribBj3bhU5\nuAemQBs5Zav1BTTp9Dp2tKNIHIGCa1vUaZQnDgvnmFiwCBRMfm+igg1Lc1KiUc5x\n+UuznACzKvhIHNLiJKSH13n5EACoUbrQwPfb1r8Nue0/pu0zt75BBLDDoTa4f1pk\nZpSHw8XASCUtqEsBCPKGbls7Q0cGIN9Un/z04Iqmxt64sdgFUC3trvu9TOTmIKai\nYiJW24Hd6LWUEs6/rVYj7SKOL9nuVv5hggY5nenxDpk5n/ipfns9h0zoAhKcB7+n\n7PrhnySN6ziePKb5Nvp7njrjTKNGS1BZxCVg54gSCKrJAE5PWN/WxFwtYNNsBudG\nKz0uiaECgYEA6pHqVhsws6PLv4RQOKmqgcZbQeuSp/Ns+h+5NEJCDMoFrHp2Cotm\n/6R8iPnyK4Tz/2lU/Ck1W5aaMZuXKQQij9IScwFMxR/mxsQrkYNnXeF7ICQK4m+B\ngvN+7qn0NVv3WG+fV0defp1YeraE0WLRONrfVN/GmBD5CGkzmJh4F4sCgYEA1VpC\nYHgHLa/pTw69qgkhaaCOWkz82/RJIRcGVTPA0Zs+oeD1wyd2MEFHe4sBTfB/YI5Q\n+trlurEEwj1ODBMNDEsYHn9b4AqTcFayPMu/EgD8WlE4/TdZU6o71uVzdjxq3oG7\nVtLCck3JUcYSqQ6O+sAD8kg4q5khihzp/I3F6zUCgYEAldxvSF/Kt5o3+71+uxS6\nmHqvpufoJGEDCLHn0xlZtW4EPfNnIsl5Hm5qGeEF9QPWFyGmaAuzyTXogTUUV+IK\narQdkVgNQgtllyuRYj//dB0wWpJsWco/hfgm6jeui8Cbv+ZgeJRiLKY99vhQ1q05\nWgeLk1/8Mv70+4iqrB0M7I0CgYBMHaBytD+zX//3kYW+5PUDryE6PB82BagVYxaC\nTS1sWlt0+0IStsBmpNNw0v3LJZL8Cqn/ZRryiPbuqVpv2lgcW6omLz/C5WMGgBek\nsvfe33Uob7PKOvXmcGRa3Y9czl8+NMB2UEjI6NF7GBRONgBymxCNXpDBP6eEk54y\n2Q2URQKBgQC/v8TMKJes2CLx1JbE2PYFY9GrH4AzP8mMy2IQkOSjpzYVR8YyogBj\ngndTHay8qWNdzQY1zrcgydtRlCZ47Uhc/tGN3cyA+zuRPpuUq2WqxrBJnJuDWdu7\nlMk9mU7iH60105P0cbJG0peua4jlrcU2kymB7WRxhPckjBLcdXdRMw==\n-----END RSA PRIVATE KEY-----\n",
            "public_key_fingerprint_md5": "4e:d9:38:6f:df:5f:11:ba:9e:5c:e8:5a:ac:19:a6:f4",
            "public_key_fingerprint_sha256": "SHA256:2rCMYzi4vh9bv4oWjABYaUMXOcUw3JXjeTF6BW3F1rI",
            "public_key_openssh": "ssh-rsa AAAAB3NzaC1yc2EAAAADAQABAAABAQDDfhwYCgIhlcuAt15VzAUyWDOaqQrW+l71EBGZoKjEIeCILSjzFMoNSfnEmbKhyXRa7xj4qGg38yZKE5yl2k9ns+MZa5uA60u/hcv34Pwgk4wp6XoRjgPyusN3oBE0dL9lQ8y9EcZwYE2AVKEx05cuuWfT6z4s++/HiKQ2lWeo8juKJuSct7xWDEiE+GKMDRp4KUtTLq0CUnAWPHqd1/qY6BJsoBmEpwDxylnT5GZNDPgNt/ix5fRxAwZKYRo2Dl0BN1b/IQ2iYzByiCyxI4M812AtIDGoGNmpIrK0FwC6svh7FUyef59aYtjkj7rQOKae+41fbCG7YPVk68N7cHjH\n",
            "public_key_pem": "-----BEGIN PUBLIC KEY-----\nMIIBIjANBgkqhkiG9w0BAQEFAAOCAQ8AMIIBCgKCAQEAw34cGAoCIZXLgLdeVcwF\nMlgzmqkK1vpe9RARmaCoxCHgiC0o8xTKDUn5xJmyocl0Wu8Y+KhoN/MmShOcpdpP\nZ7PjGWubgOtLv4XL9+D8IJOMKel6EY4D8rrDd6ARNHS/ZUPMvRHGcGBNgFShMdOX\nLrln0+s+LPvvx4ikNpVnqPI7iibknLe8VgxIhPhijA0aeClLUy6tAlJwFjx6ndf6\nmOgSbKAZhKcA8cpZ0+RmTQz4Dbf4seX0cQMGSmEaNg5dATdW/yENomMwcogssSOD\nPNdgLSAxqBjZqSKytBcAurL4exVMnn+fWmLY5I+60DimnvuNX2whu2D1ZOvDe3B4\nxwIDAQAB\n-----END PUBLIC KEY-----\n"
          },
          "sensitive_attributes": [
            [
              {
                "type": "get_attr",
                "value": "private_key_pem"
              }
            ]
          ]
        }
      ]
    },
    {
      "mode": "managed",
      "type": "aws_autoscaling_attachment",
      "name": "pk1_asg_attachment",
      "provider": "provider[\"registry.terraform.io/hashicorp/aws\"]",
      "instances": [
        {
          "schema_version": 0,
          "attributes": {
            "alb_target_group_arn": "arn:aws:elasticloadbalancing:us-east-1:388972798003:targetgroup/pk1-target-group/2a979fe5e5f40630",
            "autoscaling_group_name": "pk1-auto-scaling-group-20231118225343369400000001",
            "elb": null,
            "id": "pk1-auto-scaling-group-20231118225343369400000001-20231118225537071300000002"
          },
          "sensitive_attributes": [],
          "private": "bnVsbA==",
          "dependencies": [
            "aws_autoscaling_group.pk1_asg",
            "aws_launch_template.pk1_LT",
            "aws_lb_target_group.pk1_tg",
            "aws_subnet.private-us-east-1a",
            "aws_subnet.private-us-east-1b",
            "aws_subnet.private-us-east-1c"
          ]
        }
      ]
    },
    {
      "mode": "managed",
      "type": "aws_autoscaling_group",
      "name": "pk1_asg",
      "provider": "provider[\"registry.terraform.io/hashicorp/aws\"]",
      "instances": [
        {
          "schema_version": 0,
          "attributes": {
            "arn": "arn:aws:autoscaling:us-east-1:388972798003:autoScalingGroup:9f14d592-f67d-4f6b-af0c-c2e8bc82833a:autoScalingGroupName/pk1-auto-scaling-group-20231118225343369400000001",
            "availability_zones": [
              "us-east-1a",
              "us-east-1b",
              "us-east-1c"
            ],
            "capacity_rebalance": false,
            "default_cooldown": 300,
            "desired_capacity": 6,
            "enabled_metrics": [
              "GroupDesiredCapacity",
              "GroupInServiceInstances",
              "GroupMaxSize",
              "GroupMinSize",
              "GroupTotalInstances"
            ],
            "force_delete": true,
            "force_delete_warm_pool": false,
            "health_check_grace_period": 300,
            "health_check_type": "ELB",
            "id": "pk1-auto-scaling-group-20231118225343369400000001",
            "initial_lifecycle_hook": [
              {
                "default_result": "CONTINUE",
                "heartbeat_timeout": 300,
                "lifecycle_transition": "autoscaling:EC2_INSTANCE_TERMINATING",
                "name": "scale-in-protection",
                "notification_metadata": "",
                "notification_target_arn": "",
                "role_arn": ""
              },
              {
                "default_result": "CONTINUE",
                "heartbeat_timeout": 60,
                "lifecycle_transition": "autoscaling:EC2_INSTANCE_LAUNCHING",
                "name": "instance-protection-launch",
                "notification_metadata": "{\"key\":\"value\"}",
                "notification_target_arn": "",
                "role_arn": ""
              }
            ],
            "instance_refresh": [],
            "launch_configuration": "",
            "launch_template": [
              {
                "id": "lt-060466bbbf341ba4e",
                "name": "pk1_LT20231118171916578700000001",
                "version": "$Latest"
              }
            ],
            "load_balancers": null,
            "max_instance_lifetime": 0,
            "max_size": 15,
            "metrics_granularity": "1Minute",
            "min_elb_capacity": null,
            "min_size": 3,
            "mixed_instances_policy": [],
            "name": "pk1-auto-scaling-group-20231118225343369400000001",
            "name_prefix": "pk1-auto-scaling-group-",
            "placement_group": "",
            "protect_from_scale_in": false,
            "service_linked_role_arn": "arn:aws:iam::388972798003:role/aws-service-role/autoscaling.amazonaws.com/AWSServiceRoleForAutoScaling",
            "suspended_processes": null,
            "tag": [
              {
                "key": "Environment",
                "propagate_at_launch": true,
                "value": "Production"
              },
              {
                "key": "Name",
                "propagate_at_launch": true,
                "value": "pk1-instance"
              }
            ],
            "tags": null,
            "target_group_arns": [
              "arn:aws:elasticloadbalancing:us-east-1:388972798003:targetgroup/pk1-target-group/2a979fe5e5f40630"
            ],
            "termination_policies": null,
            "timeouts": null,
            "vpc_zone_identifier": [
              "subnet-00ee76ee638753794",
              "subnet-0322ada152d50b965",
              "subnet-06f7b4d364bdddbeb"
            ],
            "wait_for_capacity_timeout": "10m",
            "wait_for_elb_capacity": null,
            "warm_pool": []
          },
          "sensitive_attributes": [],
          "private": "eyJlMmJmYjczMC1lY2FhLTExZTYtOGY4OC0zNDM2M2JjN2M0YzAiOnsiZGVsZXRlIjo2MDAwMDAwMDAwMDB9fQ==",
          "dependencies": [
            "aws_launch_template.pk1_LT",
            "aws_lb_target_group.pk1_tg",
            "aws_subnet.private-us-east-1a",
            "aws_subnet.private-us-east-1b",
            "aws_subnet.private-us-east-1c"
          ]
        }
      ]
    },
    {
      "mode": "managed",
      "type": "aws_autoscaling_policy",
      "name": "pk1_scaling_policy",
      "provider": "provider[\"registry.terraform.io/hashicorp/aws\"]",
      "instances": [
        {
          "schema_version": 0,
          "attributes": {
            "adjustment_type": "",
            "arn": "arn:aws:autoscaling:us-east-1:388972798003:scalingPolicy:29044321-eec1-4261-8092-71e84b8188c7:autoScalingGroupName/pk1-auto-scaling-group-20231118225343369400000001:policyName/pk1-cpu-target",
            "autoscaling_group_name": "pk1-auto-scaling-group-20231118225343369400000001",
            "cooldown": 0,
            "estimated_instance_warmup": 120,
            "id": "pk1-cpu-target",
            "metric_aggregation_type": "",
            "min_adjustment_magnitude": null,
            "name": "pk1-cpu-target",
            "policy_type": "TargetTrackingScaling",
            "predictive_scaling_configuration": [],
            "scaling_adjustment": 0,
            "step_adjustment": [],
            "target_tracking_configuration": [
              {
                "customized_metric_specification": [],
                "disable_scale_in": false,
                "predefined_metric_specification": [
                  {
                    "predefined_metric_type": "ASGAverageCPUUtilization",
                    "resource_label": ""
                  }
                ],
                "target_value": 75
              }
            ]
          },
          "sensitive_attributes": [],
          "private": "bnVsbA==",
          "dependencies": [
            "aws_autoscaling_group.pk1_asg",
            "aws_launch_template.pk1_LT",
            "aws_lb_target_group.pk1_tg",
            "aws_subnet.private-us-east-1a",
            "aws_subnet.private-us-east-1b",
            "aws_subnet.private-us-east-1c"
          ]
        }
      ]
    },
    {
      "mode": "managed",
      "type": "aws_eip",
      "name": "nat",
      "provider": "provider[\"registry.terraform.io/hashicorp/aws\"]",
      "instances": [
        {
          "schema_version": 0,
          "attributes": {
            "address": null,
            "allocation_id": "eipalloc-0eb44b85debbdd2dc",
            "associate_with_private_ip": null,
            "association_id": "eipassoc-0548bc51084f08167",
            "carrier_ip": "",
            "customer_owned_ip": "",
            "customer_owned_ipv4_pool": "",
            "domain": "vpc",
            "id": "eipalloc-0eb44b85debbdd2dc",
            "instance": "",
            "network_border_group": "us-east-1",
            "network_interface": "eni-0426922dd0d3b2bff",
            "private_dns": "ip-10-69-1-107.ec2.internal",
            "private_ip": "10.69.1.107",
            "public_dns": "ec2-52-7-3-21.compute-1.amazonaws.com",
            "public_ip": "52.7.3.21",
            "public_ipv4_pool": "amazon",
            "tags": {
              "Name": "nat"
            },
            "tags_all": {
              "Name": "nat"
            },
            "timeouts": null,
            "vpc": true
          },
          "sensitive_attributes": [],
          "private": "eyJlMmJmYjczMC1lY2FhLTExZTYtOGY4OC0zNDM2M2JjN2M0YzAiOnsiZGVsZXRlIjoxODAwMDAwMDAwMDAsInJlYWQiOjkwMDAwMDAwMDAwMCwidXBkYXRlIjozMDAwMDAwMDAwMDB9fQ=="
        }
      ]
    },
    {
      "mode": "managed",
      "type": "aws_internet_gateway",
      "name": "igw",
      "provider": "provider[\"registry.terraform.io/hashicorp/aws\"]",
      "instances": [
        {
          "schema_version": 0,
          "attributes": {
            "arn": "arn:aws:ec2:us-east-1:388972798003:internet-gateway/igw-019eaebb5040165ef",
            "id": "igw-019eaebb5040165ef",
            "owner_id": "388972798003",
            "tags": {
              "Name": "app1_IG",
              "Owner": "Luke",
              "Planet": "Musafar",
              "Service": "application1"
            },
            "tags_all": {
              "Name": "app1_IG",
              "Owner": "Luke",
              "Planet": "Musafar",
              "Service": "application1"
            },
            "vpc_id": "vpc-06d0ada0a11319eff"
          },
          "sensitive_attributes": [],
          "private": "bnVsbA==",
          "dependencies": [
            "aws_vpc.pk1"
          ]
        }
      ]
    },
    {
      "mode": "managed",
      "type": "aws_key_pair",
      "name": "my_linux_box_key",
      "provider": "provider[\"registry.terraform.io/hashicorp/aws\"]",
      "instances": [
        {
          "schema_version": 1,
          "attributes": {
            "arn": "arn:aws:ec2:us-east-1:388972798003:key-pair/MyLinuxBox",
            "fingerprint": "57:01:3e:d2:f5:9b:79:51:33:89:ae:95:17:34:79:7e",
            "id": "MyLinuxBox",
            "key_name": "MyLinuxBox",
            "key_name_prefix": "",
            "key_pair_id": "key-05f01fdb0dc48ec24",
            "public_key": "ssh-rsa AAAAB3NzaC1yc2EAAAADAQABAAABAQDDfhwYCgIhlcuAt15VzAUyWDOaqQrW+l71EBGZoKjEIeCILSjzFMoNSfnEmbKhyXRa7xj4qGg38yZKE5yl2k9ns+MZa5uA60u/hcv34Pwgk4wp6XoRjgPyusN3oBE0dL9lQ8y9EcZwYE2AVKEx05cuuWfT6z4s++/HiKQ2lWeo8juKJuSct7xWDEiE+GKMDRp4KUtTLq0CUnAWPHqd1/qY6BJsoBmEpwDxylnT5GZNDPgNt/ix5fRxAwZKYRo2Dl0BN1b/IQ2iYzByiCyxI4M812AtIDGoGNmpIrK0FwC6svh7FUyef59aYtjkj7rQOKae+41fbCG7YPVk68N7cHjH",
            "tags": null,
            "tags_all": {}
          },
          "sensitive_attributes": [],
          "private": "eyJzY2hlbWFfdmVyc2lvbiI6IjEifQ==",
          "dependencies": [
            "data.tls_public_key.MyLinuxBox"
          ]
        }
      ]
    },
    {
      "mode": "managed",
      "type": "aws_launch_template",
      "name": "pk1_LT",
      "provider": "provider[\"registry.terraform.io/hashicorp/aws\"]",
      "instances": [
        {
          "schema_version": 0,
          "attributes": {
            "arn": "arn:aws:ec2:us-east-1:388972798003:launch-template/lt-060466bbbf341ba4e",
            "block_device_mappings": [],
            "capacity_reservation_specification": [],
            "cpu_options": [],
            "credit_specification": [],
            "default_version": 1,
            "description": "",
            "disable_api_termination": false,
            "ebs_optimized": "",
            "elastic_gpu_specifications": [],
            "elastic_inference_accelerator": [],
            "enclave_options": [],
            "hibernation_options": [],
            "iam_instance_profile": [],
            "id": "lt-060466bbbf341ba4e",
            "image_id": "ami-0230bd60aa48260c6",
            "instance_initiated_shutdown_behavior": "",
            "instance_market_options": [],
            "instance_type": "t3.nano",
            "kernel_id": "",
            "key_name": "MyLinuxBox",
            "latest_version": 4,
            "license_specification": [],
            "metadata_options": [],
            "monitoring": [],
            "name": "pk1_LT20231118171916578700000001",
            "name_prefix": "pk1_LT",
            "network_interfaces": [],
            "placement": [],
            "ram_disk_id": "",
            "security_group_names": [],
            "tag_specifications": [
              {
                "resource_type": "instance",
                "tags": {
                  "Name": "pk1_LT",
                  "Owner": "Chewbacca",
                  "Planet": "Mustafar",
                  "Service": "pklication1"
                }
              }
            ],
            "tags": {},
            "tags_all": {},
            "update_default_version": null,
            "user_data": "IyEvYmluL2Jhc2gNCnl1bSB1cGRhdGUgLXkNCnl1bSBpbnN0YWxsIC15IGh0dHBkDQpzeXN0ZW1jdGwgc3RhcnQgaHR0cGQNCnN5c3RlbWN0bCBlbmFibGUgaHR0cGQNCg0KIyBHZXQgdGhlIElNRFN2MiB0b2tlbg0KVE9LRU49JChjdXJsIC1YIFBVVCAiaHR0cDovLzE2OS4yNTQuMTY5LjI1NC9sYXRlc3QvYXBpL3Rva2VuIiAtSCAiWC1hd3MtZWMyLW1ldGFkYXRhLXRva2VuLXR0bC1zZWNvbmRzOiAyMTYwMCIpDQoNCiMgQmFja2dyb3VuZCB0aGUgY3VybCByZXF1ZXN0cw0KY3VybCAtSCAiWC1hd3MtZWMyLW1ldGFkYXRhLXRva2VuOiAkVE9LRU4iIC1zIGh0dHA6Ly8xNjkuMjU0LjE2OS4yNTQvbGF0ZXN0L21ldGEtZGF0YS9sb2NhbC1pcHY0ICY+IC90bXAvbG9jYWxfaXB2NCAmDQpjdXJsIC1IICJYLWF3cy1lYzItbWV0YWRhdGEtdG9rZW46ICRUT0tFTiIgLXMgaHR0cDovLzE2OS4yNTQuMTY5LjI1NC9sYXRlc3QvbWV0YS1kYXRhL3BsYWNlbWVudC9hdmFpbGFiaWxpdHktem9uZSAmPiAvdG1wL2F6ICYNCmN1cmwgLUggIlgtYXdzLWVjMi1tZXRhZGF0YS10b2tlbjogJFRPS0VOIiAtcyBodHRwOi8vMTY5LjI1NC4xNjkuMjU0L2xhdGVzdC9tZXRhLWRhdGEvbmV0d29yay9pbnRlcmZhY2VzL21hY3MvICY+IC90bXAvbWFjaWQgJg0Kd2FpdA0KDQptYWNpZD0kKGNhdCAvdG1wL21hY2lkKQ0KbG9jYWxfaXB2ND0kKGNhdCAvdG1wL2xvY2FsX2lwdjQpDQphej0kKGNhdCAvdG1wL2F6KQ0KdnBjPSQoY3VybCAtSCAiWC1hd3MtZWMyLW1ldGFkYXRhLXRva2VuOiAkVE9LRU4iIC1zIGh0dHA6Ly8xNjkuMjU0LjE2OS4yNTQvbGF0ZXN0L21ldGEtZGF0YS9uZXR3b3JrL2ludGVyZmFjZXMvbWFjcy8kbWFjaWQvdnBjLWlkKQ0KDQojIENyZWF0ZSBIVE1MIGZpbGUNCmNhdCA8PC1IVE1MID4gL3Zhci93d3cvaHRtbC9pbmRleC5odG1sDQo8IWRvY3R5cGUgaHRtbD4NCjxodG1sIGxhbmc9ImVuIiBjbGFzcz0iaC0xMDAiPg0KPGhlYWQ+DQo8dGl0bGU+RGV0YWlscyBmb3IgRUMyIGluc3RhbmNlPC90aXRsZT4NCjwvaGVhZD4NCjxib2R5Pg0KPGRpdj4NCjxoMT5NYWxndXMgQ2xhbjwvaDE+DQo8aDE+Q2hhaW5zIEJyb2tlbiBpbiBJcmVsYW5kPC9oMT4NCjxwPjxiPkluc3RhbmNlIE5hbWU6PC9iPiAkKGhvc3RuYW1lIC1mKSA8L3A+DQo8cD48Yj5JbnN0YW5jZSBQcml2YXRlIElwIEFkZHJlc3M6IDwvYj4gJGxvY2FsX2lwdjQ8L3A+DQo8cD48Yj5BdmFpbGFiaWxpdHkgWm9uZTogPC9iPiAkYXo8L3A+DQo8cD48Yj5WaXJ0dWFsIFByaXZhdGUgQ2xvdWQgKFZQQyk6PC9iPiAkdnBjPC9wPg0KPC9kaXY+DQo8L2JvZHk+DQo8L2h0bWw+DQpIVE1MDQoNCiMgQ2xlYW4gdXAgdGhlIHRlbXAgZmlsZXMNCnJtIC1mIC90bXAvbG9jYWxfaXB2NCAvdG1wL2F6IC90bXAvbWFjaWQNCg==",
            "vpc_security_group_ids": [
              "sg-013c647fa96e4cd00"
            ]
          },
          "sensitive_attributes": [],
          "private": "bnVsbA==",
          "dependencies": [
            "aws_security_group.pk1-sg01-servers",
            "aws_vpc.pk1"
          ],
          "create_before_destroy": true
        }
      ]
    },
    {
      "mode": "managed",
      "type": "aws_lb",
      "name": "pk1_alb",
      "provider": "provider[\"registry.terraform.io/hashicorp/aws\"]",
      "instances": [
        {
          "schema_version": 0,
          "attributes": {
            "access_logs": [
              {
                "bucket": "",
                "enabled": false,
                "prefix": ""
              }
            ],
            "arn": "arn:aws:elasticloadbalancing:us-east-1:388972798003:loadbalancer/app/pk1-load-balancer/e3c66e7478147769",
            "arn_suffix": "app/pk1-load-balancer/e3c66e7478147769",
            "customer_owned_ipv4_pool": "",
            "desync_mitigation_mode": "defensive",
            "dns_name": "pk1-load-balancer-2122701472.us-east-1.elb.amazonaws.com",
            "drop_invalid_header_fields": false,
            "enable_cross_zone_load_balancing": true,
            "enable_deletion_protection": false,
            "enable_http2": true,
            "enable_waf_fail_open": false,
            "id": "arn:aws:elasticloadbalancing:us-east-1:388972798003:loadbalancer/app/pk1-load-balancer/e3c66e7478147769",
            "idle_timeout": 60,
            "internal": false,
            "ip_address_type": "ipv4",
            "load_balancer_type": "application",
            "name": "pk1-load-balancer",
            "name_prefix": null,
            "security_groups": [
              "sg-02828f6217e6e922c"
            ],
            "subnet_mapping": [
              {
                "allocation_id": "",
                "ipv6_address": "",
                "outpost_id": "",
                "private_ipv4_address": "",
                "subnet_id": "subnet-040575ba1903b5f71"
              },
              {
                "allocation_id": "",
                "ipv6_address": "",
                "outpost_id": "",
                "private_ipv4_address": "",
                "subnet_id": "subnet-05bb07aba8a4da467"
              },
              {
                "allocation_id": "",
                "ipv6_address": "",
                "outpost_id": "",
                "private_ipv4_address": "",
                "subnet_id": "subnet-07e51fad7628844f3"
              }
            ],
            "subnets": [
              "subnet-040575ba1903b5f71",
              "subnet-05bb07aba8a4da467",
              "subnet-07e51fad7628844f3"
            ],
            "tags": {
              "Name": "pk1LoadBalancer",
              "Owner": "User",
              "Project": "Web Service",
              "Service": "pk1"
            },
            "tags_all": {
              "Name": "pk1LoadBalancer",
              "Owner": "User",
              "Project": "Web Service",
              "Service": "pk1"
            },
            "timeouts": null,
            "vpc_id": "vpc-06d0ada0a11319eff",
            "zone_id": "Z35SXDOTRQ7X7K"
          },
          "sensitive_attributes": [],
          "private": "eyJlMmJmYjczMC1lY2FhLTExZTYtOGY4OC0zNDM2M2JjN2M0YzAiOnsiY3JlYXRlIjo2MDAwMDAwMDAwMDAsImRlbGV0ZSI6NjAwMDAwMDAwMDAwLCJ1cGRhdGUiOjYwMDAwMDAwMDAwMH19",
          "dependencies": [
            "aws_security_group.pk1-sg02-LB01",
            "aws_subnet.public-us-east-1a",
            "aws_subnet.public-us-east-1b",
            "aws_subnet.public-us-east-1c",
            "aws_vpc.pk1"
          ]
        }
      ]
    },
    {
      "mode": "managed",
      "type": "aws_lb_listener",
      "name": "http",
      "provider": "provider[\"registry.terraform.io/hashicorp/aws\"]",
      "instances": [
        {
          "schema_version": 0,
          "attributes": {
            "alpn_policy": null,
            "arn": "arn:aws:elasticloadbalancing:us-east-1:388972798003:listener/app/pk1-load-balancer/e3c66e7478147769/8495aae0126a3e4c",
            "certificate_arn": null,
            "default_action": [
              {
                "authenticate_cognito": [],
                "authenticate_oidc": [],
                "fixed_response": [],
                "forward": [],
                "order": 1,
                "redirect": [],
                "target_group_arn": "arn:aws:elasticloadbalancing:us-east-1:388972798003:targetgroup/pk1-target-group/2a979fe5e5f40630",
                "type": "forward"
              }
            ],
            "id": "arn:aws:elasticloadbalancing:us-east-1:388972798003:listener/app/pk1-load-balancer/e3c66e7478147769/8495aae0126a3e4c",
            "load_balancer_arn": "arn:aws:elasticloadbalancing:us-east-1:388972798003:loadbalancer/app/pk1-load-balancer/e3c66e7478147769",
            "port": 80,
            "protocol": "HTTP",
            "ssl_policy": "",
            "tags": {},
            "tags_all": {},
            "timeouts": null
          },
          "sensitive_attributes": [],
          "private": "eyJlMmJmYjczMC1lY2FhLTExZTYtOGY4OC0zNDM2M2JjN2M0YzAiOnsicmVhZCI6NjAwMDAwMDAwMDAwfX0=",
          "dependencies": [
            "aws_lb.pk1_alb",
            "aws_lb_target_group.pk1_tg",
            "aws_security_group.pk1-sg02-LB01",
            "aws_subnet.public-us-east-1a",
            "aws_subnet.public-us-east-1b",
            "aws_subnet.public-us-east-1c",
            "aws_vpc.pk1"
          ]
        }
      ]
    },
    {
      "mode": "managed",
      "type": "aws_lb_target_group",
      "name": "pk1_tg",
      "provider": "provider[\"registry.terraform.io/hashicorp/aws\"]",
      "instances": [
        {
          "schema_version": 0,
          "attributes": {
            "arn": "arn:aws:elasticloadbalancing:us-east-1:388972798003:targetgroup/pk1-target-group/2a979fe5e5f40630",
            "arn_suffix": "targetgroup/pk1-target-group/2a979fe5e5f40630",
            "connection_termination": false,
            "deregistration_delay": "300",
            "health_check": [
              {
                "enabled": true,
                "healthy_threshold": 5,
                "interval": 30,
                "matcher": "200",
                "path": "/",
                "port": "traffic-port",
                "protocol": "HTTP",
                "timeout": 5,
                "unhealthy_threshold": 2
              }
            ],
            "id": "arn:aws:elasticloadbalancing:us-east-1:388972798003:targetgroup/pk1-target-group/2a979fe5e5f40630",
            "lambda_multi_value_headers_enabled": false,
            "load_balancing_algorithm_type": "round_robin",
            "name": "pk1-target-group",
            "name_prefix": null,
            "port": 80,
            "preserve_client_ip": null,
            "protocol": "HTTP",
            "protocol_version": "HTTP1",
            "proxy_protocol_v2": false,
            "slow_start": 0,
            "stickiness": [
              {
                "cookie_duration": 86400,
                "cookie_name": "",
                "enabled": false,
                "type": "lb_cookie"
              }
            ],
            "tags": {
              "Name": "pk1TargetGroup",
              "Owner": "User",
              "Project": "Web Service",
              "Service": "pk1"
            },
            "tags_all": {
              "Name": "pk1TargetGroup",
              "Owner": "User",
              "Project": "Web Service",
              "Service": "pk1"
            },
            "target_type": "instance",
            "vpc_id": "vpc-06d0ada0a11319eff"
          },
          "sensitive_attributes": [],
          "private": "bnVsbA==",
          "dependencies": [
            "aws_vpc.pk1"
          ]
        }
      ]
    },
    {
      "mode": "managed",
      "type": "aws_nat_gateway",
      "name": "nat",
      "provider": "provider[\"registry.terraform.io/hashicorp/aws\"]",
      "instances": [
        {
          "schema_version": 0,
          "attributes": {
            "allocation_id": "eipalloc-0eb44b85debbdd2dc",
            "connectivity_type": "public",
            "id": "nat-06ecef909e655548d",
            "network_interface_id": "eni-0426922dd0d3b2bff",
            "private_ip": "10.69.1.107",
            "public_ip": "52.7.3.21",
            "subnet_id": "subnet-040575ba1903b5f71",
            "tags": {
              "Name": "nat"
            },
            "tags_all": {
              "Name": "nat"
            }
          },
          "sensitive_attributes": [],
          "private": "bnVsbA==",
          "dependencies": [
            "aws_eip.nat",
            "aws_internet_gateway.igw",
            "aws_subnet.public-us-east-1a",
            "aws_vpc.pk1"
          ]
        }
      ]
    },
    {
      "mode": "managed",
      "type": "aws_route_table",
      "name": "private",
      "provider": "provider[\"registry.terraform.io/hashicorp/aws\"]",
      "instances": [
        {
          "schema_version": 0,
          "attributes": {
            "arn": "arn:aws:ec2:us-east-1:388972798003:route-table/rtb-0c97d4526d66d3842",
            "id": "rtb-0c97d4526d66d3842",
            "owner_id": "388972798003",
            "propagating_vgws": [],
            "route": [
              {
                "carrier_gateway_id": "",
                "cidr_block": "0.0.0.0/0",
                "destination_prefix_list_id": "",
                "egress_only_gateway_id": "",
                "gateway_id": "",
                "instance_id": "",
                "ipv6_cidr_block": "",
                "local_gateway_id": "",
                "nat_gateway_id": "nat-06ecef909e655548d",
                "network_interface_id": "",
                "transit_gateway_id": "",
                "vpc_endpoint_id": "",
                "vpc_peering_connection_id": ""
              }
            ],
            "tags": {
              "Name": "private"
            },
            "tags_all": {
              "Name": "private"
            },
            "timeouts": null,
            "vpc_id": "vpc-06d0ada0a11319eff"
          },
          "sensitive_attributes": [],
          "private": "eyJlMmJmYjczMC1lY2FhLTExZTYtOGY4OC0zNDM2M2JjN2M0YzAiOnsiY3JlYXRlIjozMDAwMDAwMDAwMDAsImRlbGV0ZSI6MzAwMDAwMDAwMDAwLCJ1cGRhdGUiOjEyMDAwMDAwMDAwMH19",
          "dependencies": [
            "aws_eip.nat",
            "aws_internet_gateway.igw",
            "aws_nat_gateway.nat",
            "aws_subnet.public-us-east-1a",
            "aws_vpc.pk1"
          ]
        }
      ]
    },
    {
      "mode": "managed",
      "type": "aws_route_table",
      "name": "public",
      "provider": "provider[\"registry.terraform.io/hashicorp/aws\"]",
      "instances": [
        {
          "schema_version": 0,
          "attributes": {
            "arn": "arn:aws:ec2:us-east-1:388972798003:route-table/rtb-0e9251079d91710c1",
            "id": "rtb-0e9251079d91710c1",
            "owner_id": "388972798003",
            "propagating_vgws": [],
            "route": [
              {
                "carrier_gateway_id": "",
                "cidr_block": "0.0.0.0/0",
                "destination_prefix_list_id": "",
                "egress_only_gateway_id": "",
                "gateway_id": "igw-019eaebb5040165ef",
                "instance_id": "",
                "ipv6_cidr_block": "",
                "local_gateway_id": "",
                "nat_gateway_id": "",
                "network_interface_id": "",
                "transit_gateway_id": "",
                "vpc_endpoint_id": "",
                "vpc_peering_connection_id": ""
              }
            ],
            "tags": {
              "Name": "public"
            },
            "tags_all": {
              "Name": "public"
            },
            "timeouts": null,
            "vpc_id": "vpc-06d0ada0a11319eff"
          },
          "sensitive_attributes": [],
          "private": "eyJlMmJmYjczMC1lY2FhLTExZTYtOGY4OC0zNDM2M2JjN2M0YzAiOnsiY3JlYXRlIjozMDAwMDAwMDAwMDAsImRlbGV0ZSI6MzAwMDAwMDAwMDAwLCJ1cGRhdGUiOjEyMDAwMDAwMDAwMH19",
          "dependencies": [
            "aws_internet_gateway.igw",
            "aws_vpc.pk1"
          ]
        }
      ]
    },
    {
      "mode": "managed",
      "type": "aws_route_table_association",
      "name": "private-us-east-1a",
      "provider": "provider[\"registry.terraform.io/hashicorp/aws\"]",
      "instances": [
        {
          "schema_version": 0,
          "attributes": {
            "gateway_id": "",
            "id": "rtbassoc-07f441696be100635",
            "route_table_id": "rtb-0c97d4526d66d3842",
            "subnet_id": "subnet-0322ada152d50b965"
          },
          "sensitive_attributes": [],
          "private": "bnVsbA==",
          "dependencies": [
            "aws_eip.nat",
            "aws_internet_gateway.igw",
            "aws_nat_gateway.nat",
            "aws_route_table.private",
            "aws_subnet.private-us-east-1a",
            "aws_subnet.public-us-east-1a",
            "aws_vpc.pk1"
          ]
        }
      ]
    },
    {
      "mode": "managed",
      "type": "aws_route_table_association",
      "name": "private-us-east-1b",
      "provider": "provider[\"registry.terraform.io/hashicorp/aws\"]",
      "instances": [
        {
          "schema_version": 0,
          "attributes": {
            "gateway_id": "",
            "id": "rtbassoc-075127edffe7414a2",
            "route_table_id": "rtb-0c97d4526d66d3842",
            "subnet_id": "subnet-00ee76ee638753794"
          },
          "sensitive_attributes": [],
          "private": "bnVsbA==",
          "dependencies": [
            "aws_eip.nat",
            "aws_internet_gateway.igw",
            "aws_nat_gateway.nat",
            "aws_route_table.private",
            "aws_subnet.private-us-east-1b",
            "aws_subnet.public-us-east-1a",
            "aws_vpc.pk1"
          ]
        }
      ]
    },
    {
      "mode": "managed",
      "type": "aws_route_table_association",
      "name": "private-us-east-cb",
      "provider": "provider[\"registry.terraform.io/hashicorp/aws\"]",
      "instances": [
        {
          "schema_version": 0,
          "attributes": {
            "gateway_id": "",
            "id": "rtbassoc-06fd2197142aa2da2",
            "route_table_id": "rtb-0c97d4526d66d3842",
            "subnet_id": "subnet-06f7b4d364bdddbeb"
          },
          "sensitive_attributes": [],
          "private": "bnVsbA==",
          "dependencies": [
            "aws_eip.nat",
            "aws_internet_gateway.igw",
            "aws_nat_gateway.nat",
            "aws_route_table.private",
            "aws_subnet.private-us-east-1c",
            "aws_subnet.public-us-east-1a",
            "aws_vpc.pk1"
          ]
        }
      ]
    },
    {
      "mode": "managed",
      "type": "aws_route_table_association",
      "name": "public-us-east-1a",
      "provider": "provider[\"registry.terraform.io/hashicorp/aws\"]",
      "instances": [
        {
          "schema_version": 0,
          "attributes": {
            "gateway_id": "",
            "id": "rtbassoc-0f2e8e703f613749c",
            "route_table_id": "rtb-0e9251079d91710c1",
            "subnet_id": "subnet-040575ba1903b5f71"
          },
          "sensitive_attributes": [],
          "private": "bnVsbA==",
          "dependencies": [
            "aws_internet_gateway.igw",
            "aws_route_table.public",
            "aws_subnet.public-us-east-1a",
            "aws_vpc.pk1"
          ]
        }
      ]
    },
    {
      "mode": "managed",
      "type": "aws_route_table_association",
      "name": "public-us-east-1b",
      "provider": "provider[\"registry.terraform.io/hashicorp/aws\"]",
      "instances": [
        {
          "schema_version": 0,
          "attributes": {
            "gateway_id": "",
            "id": "rtbassoc-0c36fbf7489ec1c21",
            "route_table_id": "rtb-0e9251079d91710c1",
            "subnet_id": "subnet-05bb07aba8a4da467"
          },
          "sensitive_attributes": [],
          "private": "bnVsbA==",
          "dependencies": [
            "aws_internet_gateway.igw",
            "aws_route_table.public",
            "aws_subnet.public-us-east-1b",
            "aws_vpc.pk1"
          ]
        }
      ]
    },
    {
      "mode": "managed",
      "type": "aws_route_table_association",
      "name": "public-us-east-1c",
      "provider": "provider[\"registry.terraform.io/hashicorp/aws\"]",
      "instances": [
        {
          "schema_version": 0,
          "attributes": {
            "gateway_id": "",
            "id": "rtbassoc-09d3a146ebdd09a85",
            "route_table_id": "rtb-0e9251079d91710c1",
            "subnet_id": "subnet-07e51fad7628844f3"
          },
          "sensitive_attributes": [],
          "private": "bnVsbA==",
          "dependencies": [
            "aws_internet_gateway.igw",
            "aws_route_table.public",
            "aws_subnet.public-us-east-1c",
            "aws_vpc.pk1"
          ]
        }
      ]
    },
    {
      "mode": "managed",
      "type": "aws_security_group",
      "name": "pk1-sg01-servers",
      "provider": "provider[\"registry.terraform.io/hashicorp/aws\"]",
      "instances": [
        {
          "schema_version": 1,
          "attributes": {
            "arn": "arn:aws:ec2:us-east-1:388972798003:security-group/sg-013c647fa96e4cd00",
            "description": "pk1-sg01-servers",
            "egress": [
              {
                "cidr_blocks": [
                  "0.0.0.0/0"
                ],
                "description": "",
                "from_port": 0,
                "ipv6_cidr_blocks": [],
                "prefix_list_ids": [],
                "protocol": "-1",
                "security_groups": [],
                "self": false,
                "to_port": 0
              }
            ],
            "id": "sg-013c647fa96e4cd00",
            "ingress": [
              {
                "cidr_blocks": [
                  "0.0.0.0/0"
                ],
                "description": "MyEvilBox",
                "from_port": 3389,
                "ipv6_cidr_blocks": [],
                "prefix_list_ids": [],
                "protocol": "tcp",
                "security_groups": [],
                "self": false,
                "to_port": 3389
              },
              {
                "cidr_blocks": [
                  "0.0.0.0/0"
                ],
                "description": "MyHomePage",
                "from_port": 80,
                "ipv6_cidr_blocks": [],
                "prefix_list_ids": [],
                "protocol": "tcp",
                "security_groups": [],
                "self": false,
                "to_port": 80
              },
              {
                "cidr_blocks": [
                  "0.0.0.0/0"
                ],
                "description": "SSH",
                "from_port": 22,
                "ipv6_cidr_blocks": [],
                "prefix_list_ids": [],
                "protocol": "tcp",
                "security_groups": [],
                "self": false,
                "to_port": 22
              }
            ],
            "name": "pk1-sg01-servers",
            "name_prefix": "",
            "owner_id": "388972798003",
            "revoke_rules_on_delete": false,
            "tags": {
              "Name": "pk1-sg01-servers",
              "Owner": "Luke",
              "Planet": "Musafar",
              "Service": "application1"
            },
            "tags_all": {
              "Name": "pk1-sg01-servers",
              "Owner": "Luke",
              "Planet": "Musafar",
              "Service": "application1"
            },
            "timeouts": null,
            "vpc_id": "vpc-06d0ada0a11319eff"
          },
          "sensitive_attributes": [],
          "private": "eyJlMmJmYjczMC1lY2FhLTExZTYtOGY4OC0zNDM2M2JjN2M0YzAiOnsiY3JlYXRlIjo2MDAwMDAwMDAwMDAsImRlbGV0ZSI6OTAwMDAwMDAwMDAwfSwic2NoZW1hX3ZlcnNpb24iOiIxIn0=",
          "dependencies": [
            "aws_vpc.pk1"
          ],
          "create_before_destroy": true
        }
      ]
    },
    {
      "mode": "managed",
      "type": "aws_security_group",
      "name": "pk1-sg02-LB01",
      "provider": "provider[\"registry.terraform.io/hashicorp/aws\"]",
      "instances": [
        {
          "schema_version": 1,
          "attributes": {
            "arn": "arn:aws:ec2:us-east-1:388972798003:security-group/sg-02828f6217e6e922c",
            "description": "pk1-sg02-LB01",
            "egress": [
              {
                "cidr_blocks": [
                  "0.0.0.0/0"
                ],
                "description": "",
                "from_port": 0,
                "ipv6_cidr_blocks": [],
                "prefix_list_ids": [],
                "protocol": "-1",
                "security_groups": [],
                "self": false,
                "to_port": 0
              }
            ],
            "id": "sg-02828f6217e6e922c",
            "ingress": [
              {
                "cidr_blocks": [
                  "0.0.0.0/0"
                ],
                "description": "MyHomePage",
                "from_port": 80,
                "ipv6_cidr_blocks": [],
                "prefix_list_ids": [],
                "protocol": "tcp",
                "security_groups": [],
                "self": false,
                "to_port": 80
              }
            ],
            "name": "pk1-sg02-LB01",
            "name_prefix": "",
            "owner_id": "388972798003",
            "revoke_rules_on_delete": false,
            "tags": {
              "Name": "pk1-sg02-LB01",
              "Owner": "Luke",
              "Planet": "Musafar",
              "Service": "application1"
            },
            "tags_all": {
              "Name": "pk1-sg02-LB01",
              "Owner": "Luke",
              "Planet": "Musafar",
              "Service": "application1"
            },
            "timeouts": null,
            "vpc_id": "vpc-06d0ada0a11319eff"
          },
          "sensitive_attributes": [],
          "private": "eyJlMmJmYjczMC1lY2FhLTExZTYtOGY4OC0zNDM2M2JjN2M0YzAiOnsiY3JlYXRlIjo2MDAwMDAwMDAwMDAsImRlbGV0ZSI6OTAwMDAwMDAwMDAwfSwic2NoZW1hX3ZlcnNpb24iOiIxIn0=",
          "dependencies": [
            "aws_vpc.pk1"
          ]
        }
      ]
    },
    {
      "mode": "managed",
      "type": "aws_subnet",
      "name": "private-us-east-1a",
      "provider": "provider[\"registry.terraform.io/hashicorp/aws\"]",
      "instances": [
        {
          "schema_version": 1,
          "attributes": {
            "arn": "arn:aws:ec2:us-east-1:388972798003:subnet/subnet-0322ada152d50b965",
            "assign_ipv6_address_on_creation": false,
            "availability_zone": "us-east-1a",
            "availability_zone_id": "use1-az6",
            "cidr_block": "10.69.11.0/24",
            "customer_owned_ipv4_pool": "",
            "enable_dns64": false,
            "enable_resource_name_dns_a_record_on_launch": false,
            "enable_resource_name_dns_aaaa_record_on_launch": false,
            "id": "subnet-0322ada152d50b965",
            "ipv6_cidr_block": "",
            "ipv6_cidr_block_association_id": "",
            "ipv6_native": false,
            "map_customer_owned_ip_on_launch": false,
            "map_public_ip_on_launch": false,
            "outpost_arn": "",
            "owner_id": "388972798003",
            "private_dns_hostname_type_on_launch": "ip-name",
            "tags": {
              "Name": "private-us-east-1a",
              "Owner": "Luke",
              "Planet": "Musafar",
              "Service": "application1"
            },
            "tags_all": {
              "Name": "private-us-east-1a",
              "Owner": "Luke",
              "Planet": "Musafar",
              "Service": "application1"
            },
            "timeouts": null,
            "vpc_id": "vpc-06d0ada0a11319eff"
          },
          "sensitive_attributes": [],
          "private": "eyJlMmJmYjczMC1lY2FhLTExZTYtOGY4OC0zNDM2M2JjN2M0YzAiOnsiY3JlYXRlIjo2MDAwMDAwMDAwMDAsImRlbGV0ZSI6MTIwMDAwMDAwMDAwMH0sInNjaGVtYV92ZXJzaW9uIjoiMSJ9",
          "dependencies": [
            "aws_vpc.pk1"
          ]
        }
      ]
    },
    {
      "mode": "managed",
      "type": "aws_subnet",
      "name": "private-us-east-1b",
      "provider": "provider[\"registry.terraform.io/hashicorp/aws\"]",
      "instances": [
        {
          "schema_version": 1,
          "attributes": {
            "arn": "arn:aws:ec2:us-east-1:388972798003:subnet/subnet-00ee76ee638753794",
            "assign_ipv6_address_on_creation": false,
            "availability_zone": "us-east-1b",
            "availability_zone_id": "use1-az1",
            "cidr_block": "10.69.12.0/24",
            "customer_owned_ipv4_pool": "",
            "enable_dns64": false,
            "enable_resource_name_dns_a_record_on_launch": false,
            "enable_resource_name_dns_aaaa_record_on_launch": false,
            "id": "subnet-00ee76ee638753794",
            "ipv6_cidr_block": "",
            "ipv6_cidr_block_association_id": "",
            "ipv6_native": false,
            "map_customer_owned_ip_on_launch": false,
            "map_public_ip_on_launch": false,
            "outpost_arn": "",
            "owner_id": "388972798003",
            "private_dns_hostname_type_on_launch": "ip-name",
            "tags": {
              "Name": "private-us-east-1b",
              "Owner": "Luke",
              "Planet": "Musafar",
              "Service": "application1"
            },
            "tags_all": {
              "Name": "private-us-east-1b",
              "Owner": "Luke",
              "Planet": "Musafar",
              "Service": "application1"
            },
            "timeouts": null,
            "vpc_id": "vpc-06d0ada0a11319eff"
          },
          "sensitive_attributes": [],
          "private": "eyJlMmJmYjczMC1lY2FhLTExZTYtOGY4OC0zNDM2M2JjN2M0YzAiOnsiY3JlYXRlIjo2MDAwMDAwMDAwMDAsImRlbGV0ZSI6MTIwMDAwMDAwMDAwMH0sInNjaGVtYV92ZXJzaW9uIjoiMSJ9",
          "dependencies": [
            "aws_vpc.pk1"
          ]
        }
      ]
    },
    {
      "mode": "managed",
      "type": "aws_subnet",
      "name": "private-us-east-1c",
      "provider": "provider[\"registry.terraform.io/hashicorp/aws\"]",
      "instances": [
        {
          "schema_version": 1,
          "attributes": {
            "arn": "arn:aws:ec2:us-east-1:388972798003:subnet/subnet-06f7b4d364bdddbeb",
            "assign_ipv6_address_on_creation": false,
            "availability_zone": "us-east-1c",
            "availability_zone_id": "use1-az2",
            "cidr_block": "10.69.13.0/24",
            "customer_owned_ipv4_pool": "",
            "enable_dns64": false,
            "enable_resource_name_dns_a_record_on_launch": false,
            "enable_resource_name_dns_aaaa_record_on_launch": false,
            "id": "subnet-06f7b4d364bdddbeb",
            "ipv6_cidr_block": "",
            "ipv6_cidr_block_association_id": "",
            "ipv6_native": false,
            "map_customer_owned_ip_on_launch": false,
            "map_public_ip_on_launch": false,
            "outpost_arn": "",
            "owner_id": "388972798003",
            "private_dns_hostname_type_on_launch": "ip-name",
            "tags": {
              "Name": "private-us-east-1c",
              "Owner": "Luke",
              "Planet": "Musafar",
              "Service": "application1"
            },
            "tags_all": {
              "Name": "private-us-east-1c",
              "Owner": "Luke",
              "Planet": "Musafar",
              "Service": "application1"
            },
            "timeouts": null,
            "vpc_id": "vpc-06d0ada0a11319eff"
          },
          "sensitive_attributes": [],
          "private": "eyJlMmJmYjczMC1lY2FhLTExZTYtOGY4OC0zNDM2M2JjN2M0YzAiOnsiY3JlYXRlIjo2MDAwMDAwMDAwMDAsImRlbGV0ZSI6MTIwMDAwMDAwMDAwMH0sInNjaGVtYV92ZXJzaW9uIjoiMSJ9",
          "dependencies": [
            "aws_vpc.pk1"
          ]
        }
      ]
    },
    {
      "mode": "managed",
      "type": "aws_subnet",
      "name": "public-us-east-1a",
      "provider": "provider[\"registry.terraform.io/hashicorp/aws\"]",
      "instances": [
        {
          "schema_version": 1,
          "attributes": {
            "arn": "arn:aws:ec2:us-east-1:388972798003:subnet/subnet-040575ba1903b5f71",
            "assign_ipv6_address_on_creation": false,
            "availability_zone": "us-east-1a",
            "availability_zone_id": "use1-az6",
            "cidr_block": "10.69.1.0/24",
            "customer_owned_ipv4_pool": "",
            "enable_dns64": false,
            "enable_resource_name_dns_a_record_on_launch": false,
            "enable_resource_name_dns_aaaa_record_on_launch": false,
            "id": "subnet-040575ba1903b5f71",
            "ipv6_cidr_block": "",
            "ipv6_cidr_block_association_id": "",
            "ipv6_native": false,
            "map_customer_owned_ip_on_launch": false,
            "map_public_ip_on_launch": true,
            "outpost_arn": "",
            "owner_id": "388972798003",
            "private_dns_hostname_type_on_launch": "ip-name",
            "tags": {
              "Name": "public-us-east-1a",
              "Owner": "Luke",
              "Planet": "Musafar",
              "Service": "application1"
            },
            "tags_all": {
              "Name": "public-us-east-1a",
              "Owner": "Luke",
              "Planet": "Musafar",
              "Service": "application1"
            },
            "timeouts": null,
            "vpc_id": "vpc-06d0ada0a11319eff"
          },
          "sensitive_attributes": [],
          "private": "eyJlMmJmYjczMC1lY2FhLTExZTYtOGY4OC0zNDM2M2JjN2M0YzAiOnsiY3JlYXRlIjo2MDAwMDAwMDAwMDAsImRlbGV0ZSI6MTIwMDAwMDAwMDAwMH0sInNjaGVtYV92ZXJzaW9uIjoiMSJ9",
          "dependencies": [
            "aws_vpc.pk1"
          ]
        }
      ]
    },
    {
      "mode": "managed",
      "type": "aws_subnet",
      "name": "public-us-east-1b",
      "provider": "provider[\"registry.terraform.io/hashicorp/aws\"]",
      "instances": [
        {
          "schema_version": 1,
          "attributes": {
            "arn": "arn:aws:ec2:us-east-1:388972798003:subnet/subnet-05bb07aba8a4da467",
            "assign_ipv6_address_on_creation": false,
            "availability_zone": "us-east-1b",
            "availability_zone_id": "use1-az1",
            "cidr_block": "10.69.2.0/24",
            "customer_owned_ipv4_pool": "",
            "enable_dns64": false,
            "enable_resource_name_dns_a_record_on_launch": false,
            "enable_resource_name_dns_aaaa_record_on_launch": false,
            "id": "subnet-05bb07aba8a4da467",
            "ipv6_cidr_block": "",
            "ipv6_cidr_block_association_id": "",
            "ipv6_native": false,
            "map_customer_owned_ip_on_launch": false,
            "map_public_ip_on_launch": true,
            "outpost_arn": "",
            "owner_id": "388972798003",
            "private_dns_hostname_type_on_launch": "ip-name",
            "tags": {
              "Name": "public-us-east-1b",
              "Owner": "Luke",
              "Planet": "Musafar",
              "Service": "application1"
            },
            "tags_all": {
              "Name": "public-us-east-1b",
              "Owner": "Luke",
              "Planet": "Musafar",
              "Service": "application1"
            },
            "timeouts": null,
            "vpc_id": "vpc-06d0ada0a11319eff"
          },
          "sensitive_attributes": [],
          "private": "eyJlMmJmYjczMC1lY2FhLTExZTYtOGY4OC0zNDM2M2JjN2M0YzAiOnsiY3JlYXRlIjo2MDAwMDAwMDAwMDAsImRlbGV0ZSI6MTIwMDAwMDAwMDAwMH0sInNjaGVtYV92ZXJzaW9uIjoiMSJ9",
          "dependencies": [
            "aws_vpc.pk1"
          ]
        }
      ]
    },
    {
      "mode": "managed",
      "type": "aws_subnet",
      "name": "public-us-east-1c",
      "provider": "provider[\"registry.terraform.io/hashicorp/aws\"]",
      "instances": [
        {
          "schema_version": 1,
          "attributes": {
            "arn": "arn:aws:ec2:us-east-1:388972798003:subnet/subnet-07e51fad7628844f3",
            "assign_ipv6_address_on_creation": false,
            "availability_zone": "us-east-1c",
            "availability_zone_id": "use1-az2",
            "cidr_block": "10.69.3.0/24",
            "customer_owned_ipv4_pool": "",
            "enable_dns64": false,
            "enable_resource_name_dns_a_record_on_launch": false,
            "enable_resource_name_dns_aaaa_record_on_launch": false,
            "id": "subnet-07e51fad7628844f3",
            "ipv6_cidr_block": "",
            "ipv6_cidr_block_association_id": "",
            "ipv6_native": false,
            "map_customer_owned_ip_on_launch": false,
            "map_public_ip_on_launch": true,
            "outpost_arn": "",
            "owner_id": "388972798003",
            "private_dns_hostname_type_on_launch": "ip-name",
            "tags": {
              "Name": "public-us-east-1c",
              "Owner": "Luke",
              "Planet": "Musafar",
              "Service": "application1"
            },
            "tags_all": {
              "Name": "public-us-east-1c",
              "Owner": "Luke",
              "Planet": "Musafar",
              "Service": "application1"
            },
            "timeouts": null,
            "vpc_id": "vpc-06d0ada0a11319eff"
          },
          "sensitive_attributes": [],
          "private": "eyJlMmJmYjczMC1lY2FhLTExZTYtOGY4OC0zNDM2M2JjN2M0YzAiOnsiY3JlYXRlIjo2MDAwMDAwMDAwMDAsImRlbGV0ZSI6MTIwMDAwMDAwMDAwMH0sInNjaGVtYV92ZXJzaW9uIjoiMSJ9",
          "dependencies": [
            "aws_vpc.pk1"
          ]
        }
      ]
    },
    {
      "mode": "managed",
      "type": "aws_vpc",
      "name": "pk1",
      "provider": "provider[\"registry.terraform.io/hashicorp/aws\"]",
      "instances": [
        {
          "schema_version": 1,
          "attributes": {
            "arn": "arn:aws:ec2:us-east-1:388972798003:vpc/vpc-06d0ada0a11319eff",
            "assign_generated_ipv6_cidr_block": false,
            "cidr_block": "10.69.0.0/16",
            "default_network_acl_id": "acl-087edc2c714f7c484",
            "default_route_table_id": "rtb-074f083a6cf759924",
            "default_security_group_id": "sg-0f2b7d297a7d9e5f4",
            "dhcp_options_id": "dopt-0c4ea6868c33ebdc8",
            "enable_classiclink": false,
            "enable_classiclink_dns_support": false,
            "enable_dns_hostnames": false,
            "enable_dns_support": true,
            "id": "vpc-06d0ada0a11319eff",
            "instance_tenancy": "default",
            "ipv4_ipam_pool_id": null,
            "ipv4_netmask_length": null,
            "ipv6_association_id": "",
            "ipv6_cidr_block": "",
            "ipv6_cidr_block_network_border_group": "",
            "ipv6_ipam_pool_id": "",
            "ipv6_netmask_length": 0,
            "main_route_table_id": "rtb-074f083a6cf759924",
            "owner_id": "388972798003",
            "tags": {
              "Name": "app1",
              "Owner": "Chewbacca",
              "Planet": "Mustafar",
              "Service": "application1"
            },
            "tags_all": {
              "Name": "app1",
              "Owner": "Chewbacca",
              "Planet": "Mustafar",
              "Service": "application1"
            }
          },
          "sensitive_attributes": [],
          "private": "eyJzY2hlbWFfdmVyc2lvbiI6IjEifQ==",
          "create_before_destroy": true
        }
      ]
    },
    {
      "mode": "managed",
      "type": "tls_private_key",
      "name": "MyLinuxBox",
      "provider": "provider[\"registry.terraform.io/hashicorp/tls\"]",
      "instances": [
        {
          "schema_version": 1,
          "attributes": {
            "algorithm": "RSA",
            "ecdsa_curve": "P224",
            "id": "8f68b6b92083bc70b9b7d0b96494cd414a7c62e6",
            "private_key_openssh": "-----BEGIN OPENSSH PRIVATE KEY-----\nb3BlbnNzaC1rZXktdjEAAAAABG5vbmUAAAAEbm9uZQAAAAAAAAABAAABFwAAAAdz\nc2gtcnNhAAAAAwEAAQAAAQEAw34cGAoCIZXLgLdeVcwFMlgzmqkK1vpe9RARmaCo\nxCHgiC0o8xTKDUn5xJmyocl0Wu8Y+KhoN/MmShOcpdpPZ7PjGWubgOtLv4XL9+D8\nIJOMKel6EY4D8rrDd6ARNHS/ZUPMvRHGcGBNgFShMdOXLrln0+s+LPvvx4ikNpVn\nqPI7iibknLe8VgxIhPhijA0aeClLUy6tAlJwFjx6ndf6mOgSbKAZhKcA8cpZ0+Rm\nTQz4Dbf4seX0cQMGSmEaNg5dATdW/yENomMwcogssSODPNdgLSAxqBjZqSKytBcA\nurL4exVMnn+fWmLY5I+60DimnvuNX2whu2D1ZOvDe3B4xwAAA7i8UM3avFDN2gAA\nAAdzc2gtcnNhAAABAQDDfhwYCgIhlcuAt15VzAUyWDOaqQrW+l71EBGZoKjEIeCI\nLSjzFMoNSfnEmbKhyXRa7xj4qGg38yZKE5yl2k9ns+MZa5uA60u/hcv34Pwgk4wp\n6XoRjgPyusN3oBE0dL9lQ8y9EcZwYE2AVKEx05cuuWfT6z4s++/HiKQ2lWeo8juK\nJuSct7xWDEiE+GKMDRp4KUtTLq0CUnAWPHqd1/qY6BJsoBmEpwDxylnT5GZNDPgN\nt/ix5fRxAwZKYRo2Dl0BN1b/IQ2iYzByiCyxI4M812AtIDGoGNmpIrK0FwC6svh7\nFUyef59aYtjkj7rQOKae+41fbCG7YPVk68N7cHjHAAAAAwEAAQAAAQBXNYbq4mwY\n924VObgHpkAbOWWr9QU06fQ6drSjSByBgmtb1GmUJw4L55hYsAgUTH5vooINS3NS\nolHOcflLs5wAsyr4SBzS4iSkh9d5+RAAqFG60MD329a/DbntP6btM7e+QQSww6E2\nuH9aZGaUh8PFwEglLahLAQjyhm5bO0NHBiDfVJ/89OCKpsbeuLHYBVAt7a77vUzk\n5iCmomIiVtuB3ei1lBLOv61WI+0iji/Z7lb+YYIGOZ3p8Q6ZOZ/4qX57PYdM6AIS\nnAe/p+z64Z8kjes4njym+Tb6e54640yjRktQWcQlYOeIEgiqyQBOT1jf1sRcLWDT\nbAbnRis9LomhAAAAgQC/v8TMKJes2CLx1JbE2PYFY9GrH4AzP8mMy2IQkOSjpzYV\nR8YyogBjgndTHay8qWNdzQY1zrcgydtRlCZ47Uhc/tGN3cyA+zuRPpuUq2WqxrBJ\nnJuDWdu7lMk9mU7iH60105P0cbJG0peua4jlrcU2kymB7WRxhPckjBLcdXdRMwAA\nAIEA6pHqVhsws6PLv4RQOKmqgcZbQeuSp/Ns+h+5NEJCDMoFrHp2Cotm/6R8iPny\nK4Tz/2lU/Ck1W5aaMZuXKQQij9IScwFMxR/mxsQrkYNnXeF7ICQK4m+BgvN+7qn0\nNVv3WG+fV0defp1YeraE0WLRONrfVN/GmBD5CGkzmJh4F4sAAACBANVaQmB4By2v\n6U8OvaoJIWmgjlpM/Nv0SSEXBlUzwNGbPqHg9cMndjBBR3uLAU3wf2COUPra5bqx\nBMI9TgwTDQxLGB5/W+AKk3BWsjzLvxIA/FpROP03WVOqO9blc3Y8at6Bu1bSwnJN\nyVHGEqkOjvrAA/JIOKuZIYoc6fyNxes1AAAAAAEC\n-----END OPENSSH PRIVATE KEY-----\n",
            "private_key_pem": "-----BEGIN RSA PRIVATE KEY-----\nMIIEpAIBAAKCAQEAw34cGAoCIZXLgLdeVcwFMlgzmqkK1vpe9RARmaCoxCHgiC0o\n8xTKDUn5xJmyocl0Wu8Y+KhoN/MmShOcpdpPZ7PjGWubgOtLv4XL9+D8IJOMKel6\nEY4D8rrDd6ARNHS/ZUPMvRHGcGBNgFShMdOXLrln0+s+LPvvx4ikNpVnqPI7iibk\nnLe8VgxIhPhijA0aeClLUy6tAlJwFjx6ndf6mOgSbKAZhKcA8cpZ0+RmTQz4Dbf4\nseX0cQMGSmEaNg5dATdW/yENomMwcogssSODPNdgLSAxqBjZqSKytBcAurL4exVM\nnn+fWmLY5I+60DimnvuNX2whu2D1ZOvDe3B4xwIDAQABAoIBAFc1huribBj3bhU5\nuAemQBs5Zav1BTTp9Dp2tKNIHIGCa1vUaZQnDgvnmFiwCBRMfm+igg1Lc1KiUc5x\n+UuznACzKvhIHNLiJKSH13n5EACoUbrQwPfb1r8Nue0/pu0zt75BBLDDoTa4f1pk\nZpSHw8XASCUtqEsBCPKGbls7Q0cGIN9Un/z04Iqmxt64sdgFUC3trvu9TOTmIKai\nYiJW24Hd6LWUEs6/rVYj7SKOL9nuVv5hggY5nenxDpk5n/ipfns9h0zoAhKcB7+n\n7PrhnySN6ziePKb5Nvp7njrjTKNGS1BZxCVg54gSCKrJAE5PWN/WxFwtYNNsBudG\nKz0uiaECgYEA6pHqVhsws6PLv4RQOKmqgcZbQeuSp/Ns+h+5NEJCDMoFrHp2Cotm\n/6R8iPnyK4Tz/2lU/Ck1W5aaMZuXKQQij9IScwFMxR/mxsQrkYNnXeF7ICQK4m+B\ngvN+7qn0NVv3WG+fV0defp1YeraE0WLRONrfVN/GmBD5CGkzmJh4F4sCgYEA1VpC\nYHgHLa/pTw69qgkhaaCOWkz82/RJIRcGVTPA0Zs+oeD1wyd2MEFHe4sBTfB/YI5Q\n+trlurEEwj1ODBMNDEsYHn9b4AqTcFayPMu/EgD8WlE4/TdZU6o71uVzdjxq3oG7\nVtLCck3JUcYSqQ6O+sAD8kg4q5khihzp/I3F6zUCgYEAldxvSF/Kt5o3+71+uxS6\nmHqvpufoJGEDCLHn0xlZtW4EPfNnIsl5Hm5qGeEF9QPWFyGmaAuzyTXogTUUV+IK\narQdkVgNQgtllyuRYj//dB0wWpJsWco/hfgm6jeui8Cbv+ZgeJRiLKY99vhQ1q05\nWgeLk1/8Mv70+4iqrB0M7I0CgYBMHaBytD+zX//3kYW+5PUDryE6PB82BagVYxaC\nTS1sWlt0+0IStsBmpNNw0v3LJZL8Cqn/ZRryiPbuqVpv2lgcW6omLz/C5WMGgBek\nsvfe33Uob7PKOvXmcGRa3Y9czl8+NMB2UEjI6NF7GBRONgBymxCNXpDBP6eEk54y\n2Q2URQKBgQC/v8TMKJes2CLx1JbE2PYFY9GrH4AzP8mMy2IQkOSjpzYVR8YyogBj\ngndTHay8qWNdzQY1zrcgydtRlCZ47Uhc/tGN3cyA+zuRPpuUq2WqxrBJnJuDWdu7\nlMk9mU7iH60105P0cbJG0peua4jlrcU2kymB7WRxhPckjBLcdXdRMw==\n-----END RSA PRIVATE KEY-----\n",
            "private_key_pem_pkcs8": "-----BEGIN PRIVATE KEY-----\nMIIEvgIBADANBgkqhkiG9w0BAQEFAASCBKgwggSkAgEAAoIBAQDDfhwYCgIhlcuA\nt15VzAUyWDOaqQrW+l71EBGZoKjEIeCILSjzFMoNSfnEmbKhyXRa7xj4qGg38yZK\nE5yl2k9ns+MZa5uA60u/hcv34Pwgk4wp6XoRjgPyusN3oBE0dL9lQ8y9EcZwYE2A\nVKEx05cuuWfT6z4s++/HiKQ2lWeo8juKJuSct7xWDEiE+GKMDRp4KUtTLq0CUnAW\nPHqd1/qY6BJsoBmEpwDxylnT5GZNDPgNt/ix5fRxAwZKYRo2Dl0BN1b/IQ2iYzBy\niCyxI4M812AtIDGoGNmpIrK0FwC6svh7FUyef59aYtjkj7rQOKae+41fbCG7YPVk\n68N7cHjHAgMBAAECggEAVzWG6uJsGPduFTm4B6ZAGzllq/UFNOn0Ona0o0gcgYJr\nW9RplCcOC+eYWLAIFEx+b6KCDUtzUqJRznH5S7OcALMq+Egc0uIkpIfXefkQAKhR\nutDA99vWvw257T+m7TO3vkEEsMOhNrh/WmRmlIfDxcBIJS2oSwEI8oZuWztDRwYg\n31Sf/PTgiqbG3rix2AVQLe2u+71M5OYgpqJiIlbbgd3otZQSzr+tViPtIo4v2e5W\n/mGCBjmd6fEOmTmf+Kl+ez2HTOgCEpwHv6fs+uGfJI3rOJ48pvk2+nueOuNMo0ZL\nUFnEJWDniBIIqskATk9Y39bEXC1g02wG50YrPS6JoQKBgQDqkepWGzCzo8u/hFA4\nqaqBxltB65Kn82z6H7k0QkIMygWsenYKi2b/pHyI+fIrhPP/aVT8KTVblpoxm5cp\nBCKP0hJzAUzFH+bGxCuRg2dd4XsgJArib4GC837uqfQ1W/dYb59XR15+nVh6toTR\nYtE42t9U38aYEPkIaTOYmHgXiwKBgQDVWkJgeActr+lPDr2qCSFpoI5aTPzb9Ekh\nFwZVM8DRmz6h4PXDJ3YwQUd7iwFN8H9gjlD62uW6sQTCPU4MEw0MSxgef1vgCpNw\nVrI8y78SAPxaUTj9N1lTqjvW5XN2PGregbtW0sJyTclRxhKpDo76wAPySDirmSGK\nHOn8jcXrNQKBgQCV3G9IX8q3mjf7vX67FLqYeq+m5+gkYQMIsefTGVm1bgQ982ci\nyXkebmoZ4QX1A9YXIaZoC7PJNeiBNRRX4gpqtB2RWA1CC2WXK5FiP/90HTBakmxZ\nyj+F+CbqN66LwJu/5mB4lGIspj32+FDWrTlaB4uTX/wy/vT7iKqsHQzsjQKBgEwd\noHK0P7Nf//eRhb7k9QOvITo8HzYFqBVjFoJNLWxaW3T7QhK2wGak03DS/cslkvwK\nqf9lGvKI9u6pWm/aWBxbqiYvP8LlYwaAF6Sy997fdShvs8o69eZwZFrdj1zOXz40\nwHZQSMjo0XsYFE42AHKbEI1ekME/p4STnjLZDZRFAoGBAL+/xMwol6zYIvHUlsTY\n9gVj0asfgDM/yYzLYhCQ5KOnNhVHxjKiAGOCd1MdrLypY13NBjXOtyDJ21GUJnjt\nSFz+0Y3dzID7O5E+m5SrZarGsEmcm4NZ27uUyT2ZTuIfrTXTk/RxskbSl65riOWt\nxTaTKYHtZHGE9ySMEtx1d1Ez\n-----END PRIVATE KEY-----\n",
            "public_key_fingerprint_md5": "4e:d9:38:6f:df:5f:11:ba:9e:5c:e8:5a:ac:19:a6:f4",
            "public_key_fingerprint_sha256": "SHA256:2rCMYzi4vh9bv4oWjABYaUMXOcUw3JXjeTF6BW3F1rI",
            "public_key_openssh": "ssh-rsa AAAAB3NzaC1yc2EAAAADAQABAAABAQDDfhwYCgIhlcuAt15VzAUyWDOaqQrW+l71EBGZoKjEIeCILSjzFMoNSfnEmbKhyXRa7xj4qGg38yZKE5yl2k9ns+MZa5uA60u/hcv34Pwgk4wp6XoRjgPyusN3oBE0dL9lQ8y9EcZwYE2AVKEx05cuuWfT6z4s++/HiKQ2lWeo8juKJuSct7xWDEiE+GKMDRp4KUtTLq0CUnAWPHqd1/qY6BJsoBmEpwDxylnT5GZNDPgNt/ix5fRxAwZKYRo2Dl0BN1b/IQ2iYzByiCyxI4M812AtIDGoGNmpIrK0FwC6svh7FUyef59aYtjkj7rQOKae+41fbCG7YPVk68N7cHjH\n",
            "public_key_pem": "-----BEGIN PUBLIC KEY-----\nMIIBIjANBgkqhkiG9w0BAQEFAAOCAQ8AMIIBCgKCAQEAw34cGAoCIZXLgLdeVcwF\nMlgzmqkK1vpe9RARmaCoxCHgiC0o8xTKDUn5xJmyocl0Wu8Y+KhoN/MmShOcpdpP\nZ7PjGWubgOtLv4XL9+D8IJOMKel6EY4D8rrDd6ARNHS/ZUPMvRHGcGBNgFShMdOX\nLrln0+s+LPvvx4ikNpVnqPI7iibknLe8VgxIhPhijA0aeClLUy6tAlJwFjx6ndf6\nmOgSbKAZhKcA8cpZ0+RmTQz4Dbf4seX0cQMGSmEaNg5dATdW/yENomMwcogssSOD\nPNdgLSAxqBjZqSKytBcAurL4exVMnn+fWmLY5I+60DimnvuNX2whu2D1ZOvDe3B4\nxwIDAQAB\n-----END PUBLIC KEY-----\n",
            "rsa_bits": 2048
          },
          "sensitive_attributes": []
        }
      ]
    }
  ],
  "check_results": null
}
